// !$*UTF8*$!
{
	archiveVersion = 1;
	classes = {
	};
	objectVersion = 50;
	objects = {

/* Begin PBXBuildFile section */
		1ACC3CF22450BFD9009EE776 /* AppDelegate.swift in Sources */ = {isa = PBXBuildFile; fileRef = 1ACC3CF12450BFD9009EE776 /* AppDelegate.swift */; };
		1ACC3CF42450BFD9009EE776 /* SceneDelegate.swift in Sources */ = {isa = PBXBuildFile; fileRef = 1ACC3CF32450BFD9009EE776 /* SceneDelegate.swift */; };
		1ACC3CF62450BFD9009EE776 /* ContentView.swift in Sources */ = {isa = PBXBuildFile; fileRef = 1ACC3CF52450BFD9009EE776 /* ContentView.swift */; };
		1ACC3CF82450BFDC009EE776 /* Assets.xcassets in Resources */ = {isa = PBXBuildFile; fileRef = 1ACC3CF72450BFDC009EE776 /* Assets.xcassets */; };
		1ACC3CFB2450BFDC009EE776 /* Preview Assets.xcassets in Resources */ = {isa = PBXBuildFile; fileRef = 1ACC3CFA2450BFDC009EE776 /* Preview Assets.xcassets */; };
		1ACC3CFE2450BFDC009EE776 /* LaunchScreen.storyboard in Resources */ = {isa = PBXBuildFile; fileRef = 1ACC3CFC2450BFDC009EE776 /* LaunchScreen.storyboard */; };
		1ACC3D06245197E3009EE776 /* ezgif-6-0ef4a47466cc.gif in Resources */ = {isa = PBXBuildFile; fileRef = 1ACC3D05245197E3009EE776 /* ezgif-6-0ef4a47466cc.gif */; };
/* End PBXBuildFile section */

/* Begin PBXFileReference section */
		1ACC3CEE2450BFD9009EE776 /* AudioMeter.app */ = {isa = PBXFileReference; explicitFileType = wrapper.application; includeInIndex = 0; path = AudioMeter.app; sourceTree = BUILT_PRODUCTS_DIR; };
		1ACC3CF12450BFD9009EE776 /* AppDelegate.swift */ = {isa = PBXFileReference; lastKnownFileType = sourcecode.swift; path = AppDelegate.swift; sourceTree = "<group>"; };
		1ACC3CF32450BFD9009EE776 /* SceneDelegate.swift */ = {isa = PBXFileReference; lastKnownFileType = sourcecode.swift; path = SceneDelegate.swift; sourceTree = "<group>"; };
		1ACC3CF52450BFD9009EE776 /* ContentView.swift */ = {isa = PBXFileReference; lastKnownFileType = sourcecode.swift; path = ContentView.swift; sourceTree = "<group>"; };
		1ACC3CF72450BFDC009EE776 /* Assets.xcassets */ = {isa = PBXFileReference; lastKnownFileType = folder.assetcatalog; path = Assets.xcassets; sourceTree = "<group>"; };
		1ACC3CFA2450BFDC009EE776 /* Preview Assets.xcassets */ = {isa = PBXFileReference; lastKnownFileType = folder.assetcatalog; path = "Preview Assets.xcassets"; sourceTree = "<group>"; };
		1ACC3CFD2450BFDC009EE776 /* Base */ = {isa = PBXFileReference; lastKnownFileType = file.storyboard; name = Base; path = Base.lproj/LaunchScreen.storyboard; sourceTree = "<group>"; };
		1ACC3CFF2450BFDC009EE776 /* Info.plist */ = {isa = PBXFileReference; lastKnownFileType = text.plist.xml; path = Info.plist; sourceTree = "<group>"; };
		1ACC3D05245197E3009EE776 /* ezgif-6-0ef4a47466cc.gif */ = {isa = PBXFileReference; lastKnownFileType = image.gif; path = "ezgif-6-0ef4a47466cc.gif"; sourceTree = "<group>"; };
/* End PBXFileReference section */

/* Begin PBXFrameworksBuildPhase section */
		1ACC3CEB2450BFD9009EE776 /* Frameworks */ = {
			isa = PBXFrameworksBuildPhase;
			buildActionMask = 2147483647;
			files = (
			);
			runOnlyForDeploymentPostprocessing = 0;
		};
/* End PBXFrameworksBuildPhase section */

/* Begin PBXGroup section */
		1ACC3CE52450BFD9009EE776 = {
			isa = PBXGroup;
			children = (
				1ACC3CF02450BFD9009EE776 /* AudioMeter */,
				1ACC3CEF2450BFD9009EE776 /* Products */,
			);
			sourceTree = "<group>";
		};
		1ACC3CEF2450BFD9009EE776 /* Products */ = {
			isa = PBXGroup;
			children = (
				1ACC3CEE2450BFD9009EE776 /* AudioMeter.app */,
			);
			name = Products;
			sourceTree = "<group>";
		};
		1ACC3CF02450BFD9009EE776 /* AudioMeter */ = {
			isa = PBXGroup;
			children = (
				1ACC3CF12450BFD9009EE776 /* AppDelegate.swift */,
				1ACC3CF32450BFD9009EE776 /* SceneDelegate.swift */,
				1ACC3CF52450BFD9009EE776 /* ContentView.swift */,
				1ACC3CF72450BFDC009EE776 /* Assets.xcassets */,
				1ACC3D05245197E3009EE776 /* ezgif-6-0ef4a47466cc.gif */,
				1ACC3CFC2450BFDC009EE776 /* LaunchScreen.storyboard */,
				1ACC3CFF2450BFDC009EE776 /* Info.plist */,
				1ACC3CF92450BFDC009EE776 /* Preview Content */,
			);
			path = AudioMeter;
			sourceTree = "<group>";
		};
		1ACC3CF92450BFDC009EE776 /* Preview Content */ = {
			isa = PBXGroup;
			children = (
				1ACC3CFA2450BFDC009EE776 /* Preview Assets.xcassets */,
			);
			path = "Preview Content";
			sourceTree = "<group>";
		};
/* End PBXGroup section */

/* Begin PBXNativeTarget section */
		1ACC3CED2450BFD9009EE776 /* AudioMeter */ = {
			isa = PBXNativeTarget;
			buildConfigurationList = 1ACC3D022450BFDC009EE776 /* Build configuration list for PBXNativeTarget "AudioMeter" */;
			buildPhases = (
				1ACC3CEA2450BFD9009EE776 /* Sources */,
				1ACC3CEB2450BFD9009EE776 /* Frameworks */,
				1ACC3CEC2450BFD9009EE776 /* Resources */,
			);
			buildRules = (
			);
			dependencies = (
			);
			name = AudioMeter;
			productName = AudioMeter;
			productReference = 1ACC3CEE2450BFD9009EE776 /* AudioMeter.app */;
			productType = "com.apple.product-type.application";
		};
/* End PBXNativeTarget section */

/* Begin PBXProject section */
		1ACC3CE62450BFD9009EE776 /* Project object */ = {
			isa = PBXProject;
			attributes = {
				LastSwiftUpdateCheck = 1140;
				LastUpgradeCheck = 1140;
				ORGANIZATIONNAME = "James Cosgrove";
				TargetAttributes = {
					1ACC3CED2450BFD9009EE776 = {
						CreatedOnToolsVersion = 11.4.1;
					};
				};
			};
			buildConfigurationList = 1ACC3CE92450BFD9009EE776 /* Build configuration list for PBXProject "AudioMeter" */;
			compatibilityVersion = "Xcode 9.3";
			developmentRegion = en;
			hasScannedForEncodings = 0;
			knownRegions = (
				en,
				Base,
			);
			mainGroup = 1ACC3CE52450BFD9009EE776;
			productRefGroup = 1ACC3CEF2450BFD9009EE776 /* Products */;
			projectDirPath = "";
			projectRoot = "";
			targets = (
				1ACC3CED2450BFD9009EE776 /* AudioMeter */,
			);
		};
/* End PBXProject section */

/* Begin PBXResourcesBuildPhase section */
		1ACC3CEC2450BFD9009EE776 /* Resources */ = {
			isa = PBXResourcesBuildPhase;
			buildActionMask = 2147483647;
			files = (
				1ACC3CFE2450BFDC009EE776 /* LaunchScreen.storyboard in Resources */,
				1ACC3CFB2450BFDC009EE776 /* Preview Assets.xcassets in Resources */,
				1ACC3D06245197E3009EE776 /* ezgif-6-0ef4a47466cc.gif in Resources */,
				1ACC3CF82450BFDC009EE776 /* Assets.xcassets in Resources */,
			);
			runOnlyForDeploymentPostprocessing = 0;
		};
/* End PBXResourcesBuildPhase section */

/* Begin PBXSourcesBuildPhase section */
		1ACC3CEA2450BFD9009EE776 /* Sources */ = {
			isa = PBXSourcesBuildPhase;
			buildActionMask = 2147483647;
			files = (
				1ACC3CF22450BFD9009EE776 /* AppDelegate.swift in Sources */,
				1ACC3CF42450BFD9009EE776 /* SceneDelegate.swift in Sources */,
				1ACC3CF62450BFD9009EE776 /* ContentView.swift in Sources */,
			);
			runOnlyForDeploymentPostprocessing = 0;
		};
/* End PBXSourcesBuildPhase section */

/* Begin PBXVariantGroup section */
		1ACC3CFC2450BFDC009EE776 /* LaunchScreen.storyboard */ = {
			isa = PBXVariantGroup;
			children = (
				1ACC3CFD2450BFDC009EE776 /* Base */,
			);
			name = LaunchScreen.storyboard;
			sourceTree = "<group>";
		};
/* End PBXVariantGroup section */

/* Begin XCBuildConfiguration section */
		1ACC3D002450BFDC009EE776 /* Debug */ = {
			isa = XCBuildConfiguration;
			buildSettings = {
				ALWAYS_SEARCH_USER_PATHS = NO;
				CLANG_ANALYZER_NONNULL = YES;
				CLANG_ANALYZER_NUMBER_OBJECT_CONVERSION = YES_AGGRESSIVE;
				CLANG_CXX_LANGUAGE_STANDARD = "gnu++14";
				CLANG_CXX_LIBRARY = "libc++";
				CLANG_ENABLE_MODULES = YES;
				CLANG_ENABLE_OBJC_ARC = YES;
				CLANG_ENABLE_OBJC_WEAK = YES;
				CLANG_WARN_BLOCK_CAPTURE_AUTORELEASING = YES;
				CLANG_WARN_BOOL_CONVERSION = YES;
				CLANG_WARN_COMMA = YES;
				CLANG_WARN_CONSTANT_CONVERSION = YES;
				CLANG_WARN_DEPRECATED_OBJC_IMPLEMENTATIONS = YES;
				CLANG_WARN_DIRECT_OBJC_ISA_USAGE = YES_ERROR;
				CLANG_WARN_DOCUMENTATION_COMMENTS = YES;
				CLANG_WARN_EMPTY_BODY = YES;
				CLANG_WARN_ENUM_CONVERSION = YES;
				CLANG_WARN_INFINITE_RECURSION = YES;
				CLANG_WARN_INT_CONVERSION = YES;
				CLANG_WARN_NON_LITERAL_NULL_CONVERSION = YES;
				CLANG_WARN_OBJC_IMPLICIT_RETAIN_SELF = YES;
				CLANG_WARN_OBJC_LITERAL_CONVERSION = YES;
				CLANG_WARN_OBJC_ROOT_CLASS = YES_ERROR;
				CLANG_WARN_RANGE_LOOP_ANALYSIS = YES;
				CLANG_WARN_STRICT_PROTOTYPES = YES;
				CLANG_WARN_SUSPICIOUS_MOVE = YES;
				CLANG_WARN_UNGUARDED_AVAILABILITY = YES_AGGRESSIVE;
				CLANG_WARN_UNREACHABLE_CODE = YES;
				CLANG_WARN__DUPLICATE_METHOD_MATCH = YES;
				COPY_PHASE_STRIP = NO;
				DEBUG_INFORMATION_FORMAT = dwarf;
				ENABLE_STRICT_OBJC_MSGSEND = YES;
				ENABLE_TESTABILITY = YES;
				GCC_C_LANGUAGE_STANDARD = gnu11;
				GCC_DYNAMIC_NO_PIC = NO;
				GCC_NO_COMMON_BLOCKS = YES;
				GCC_OPTIMIZATION_LEVEL = 0;
				GCC_PREPROCESSOR_DEFINITIONS = (
					"DEBUG=1",
					"$(inherited)",
				);
				GCC_WARN_64_TO_32_BIT_CONVERSION = YES;
				GCC_WARN_ABOUT_RETURN_TYPE = YES_ERROR;
				GCC_WARN_UNDECLARED_SELECTOR = YES;
				GCC_WARN_UNINITIALIZED_AUTOS = YES_AGGRESSIVE;
				GCC_WARN_UNUSED_FUNCTION = YES;
				GCC_WARN_UNUSED_VARIABLE = YES;
				IPHONEOS_DEPLOYMENT_TARGET = 13.4;
				MTL_ENABLE_DEBUG_INFO = INCLUDE_SOURCE;
				MTL_FAST_MATH = YES;
				ONLY_ACTIVE_ARCH = YES;
				SDKROOT = iphoneos;
				SWIFT_ACTIVE_COMPILATION_CONDITIONS = DEBUG;
				SWIFT_OPTIMIZATION_LEVEL = "-Onone";
			};
			name = Debug;
		};
		1ACC3D012450BFDC009EE776 /* Release */ = {
			isa = XCBuildConfiguration;
			buildSettings = {
				ALWAYS_SEARCH_USER_PATHS = NO;
				CLANG_ANALYZER_NONNULL = YES;
				CLANG_ANALYZER_NUMBER_OBJECT_CONVERSION = YES_AGGRESSIVE;
				CLANG_CXX_LANGUAGE_STANDARD = "gnu++14";
				CLANG_CXX_LIBRARY = "libc++";
				CLANG_ENABLE_MODULES = YES;
				CLANG_ENABLE_OBJC_ARC = YES;
				CLANG_ENABLE_OBJC_WEAK = YES;
				CLANG_WARN_BLOCK_CAPTURE_AUTORELEASING = YES;
				CLANG_WARN_BOOL_CONVERSION = YES;
				CLANG_WARN_COMMA = YES;
				CLANG_WARN_CONSTANT_CONVERSION = YES;
				CLANG_WARN_DEPRECATED_OBJC_IMPLEMENTATIONS = YES;
				CLANG_WARN_DIRECT_OBJC_ISA_USAGE = YES_ERROR;
				CLANG_WARN_DOCUMENTATION_COMMENTS = YES;
				CLANG_WARN_EMPTY_BODY = YES;
				CLANG_WARN_ENUM_CONVERSION = YES;
				CLANG_WARN_INFINITE_RECURSION = YES;
				CLANG_WARN_INT_CONVERSION = YES;
				CLANG_WARN_NON_LITERAL_NULL_CONVERSION = YES;
				CLANG_WARN_OBJC_IMPLICIT_RETAIN_SELF = YES;
				CLANG_WARN_OBJC_LITERAL_CONVERSION = YES;
				CLANG_WARN_OBJC_ROOT_CLASS = YES_ERROR;
				CLANG_WARN_RANGE_LOOP_ANALYSIS = YES;
				CLANG_WARN_STRICT_PROTOTYPES = YES;
				CLANG_WARN_SUSPICIOUS_MOVE = YES;
				CLANG_WARN_UNGUARDED_AVAILABILITY = YES_AGGRESSIVE;
				CLANG_WARN_UNREACHABLE_CODE = YES;
				CLANG_WARN__DUPLICATE_METHOD_MATCH = YES;
				COPY_PHASE_STRIP = NO;
				DEBUG_INFORMATION_FORMAT = "dwarf-with-dsym";
				ENABLE_NS_ASSERTIONS = NO;
				ENABLE_STRICT_OBJC_MSGSEND = YES;
				GCC_C_LANGUAGE_STANDARD = gnu11;
				GCC_NO_COMMON_BLOCKS = YES;
				GCC_WARN_64_TO_32_BIT_CONVERSION = YES;
				GCC_WARN_ABOUT_RETURN_TYPE = YES_ERROR;
				GCC_WARN_UNDECLARED_SELECTOR = YES;
				GCC_WARN_UNINITIALIZED_AUTOS = YES_AGGRESSIVE;
				GCC_WARN_UNUSED_FUNCTION = YES;
				GCC_WARN_UNUSED_VARIABLE = YES;
				IPHONEOS_DEPLOYMENT_TARGET = 13.4;
				MTL_ENABLE_DEBUG_INFO = NO;
				MTL_FAST_MATH = YES;
				SDKROOT = iphoneos;
				SWIFT_COMPILATION_MODE = wholemodule;
				SWIFT_OPTIMIZATION_LEVEL = "-O";
				VALIDATE_PRODUCT = YES;
			};
			name = Release;
		};
		1ACC3D032450BFDC009EE776 /* Debug */ = {
			isa = XCBuildConfiguration;
			buildSettings = {
				ASSETCATALOG_COMPILER_APPICON_NAME = AppIcon;
				CODE_SIGN_STYLE = Automatic;
				DEVELOPMENT_ASSET_PATHS = "\"AudioMeter/Preview Content\"";
				DEVELOPMENT_TEAM = WV3WFS9NRK;
				ENABLE_PREVIEWS = YES;
				INFOPLIST_FILE = AudioMeter/Info.plist;
				LD_RUNPATH_SEARCH_PATHS = (
					"$(inherited)",
					"@executable_path/Frameworks",
				);
				PRODUCT_BUNDLE_IDENTIFIER = com.james.AudioMeter;
				PRODUCT_NAME = "$(TARGET_NAME)";
				SWIFT_VERSION = 5.0;
				TARGETED_DEVICE_FAMILY = "1,2";
			};
			name = Debug;
		};
		1ACC3D042450BFDC009EE776 /* Release */ = {
			isa = XCBuildConfiguration;
			buildSettings = {
				ASSETCATALOG_COMPILER_APPICON_NAME = AppIcon;
				CODE_SIGN_STYLE = Automatic;
				DEVELOPMENT_ASSET_PATHS = "\"AudioMeter/Preview Content\"";
				DEVELOPMENT_TEAM = WV3WFS9NRK;
				ENABLE_PREVIEWS = YES;
				INFOPLIST_FILE = AudioMeter/Info.plist;
				LD_RUNPATH_SEARCH_PATHS = (
					"$(inherited)",
					"@executable_path/Frameworks",
				);
				PRODUCT_BUNDLE_IDENTIFIER = com.james.AudioMeter;
				PRODUCT_NAME = "$(TARGET_NAME)";
				SWIFT_VERSION = 5.0;
				TARGETED_DEVICE_FAMILY = "1,2";
			};
			name = Release;
		};
/* End XCBuildConfiguration section */

/* Begin XCConfigurationList section */
		1ACC3CE92450BFD9009EE776 /* Build configuration list for PBXProject "AudioMeter" */ = {
			isa = XCConfigurationList;
			buildConfigurations = (
				1ACC3D002450BFDC009EE776 /* Debug */,
				1ACC3D012450BFDC009EE776 /* Release */,
			);
			defaultConfigurationIsVisible = 0;
			defaultConfigurationName = Release;
		};
		1ACC3D022450BFDC009EE776 /* Build configuration list for PBXNativeTarget "AudioMeter" */ = {
			isa = XCConfigurationList;
			buildConfigurations = (
				1ACC3D032450BFDC009EE776 /* Debug */,
				1ACC3D042450BFDC009EE776 /* Release */,
			);
			defaultConfigurationIsVisible = 0;
			defaultConfigurationName = Release;
		};
/* End XCConfigurationList section */
	};
	rootObject = 1ACC3CE62450BFD9009EE776 /* Project object */;
}
